
Microsoft Visual Studio Solution File, Format Version 12.00
# Visual Studio Version 16
VisualStudioVersion = 16.0.32929.386
MinimumVisualStudioVersion = 10.0.40219.1
Project("{FAE04EC0-301F-11D3-BF4B-00C04F79EFBC}") = "FreeBooks", "FreeBooks\FreeBooks.csproj", "{92143892-711C-4258-8371-79B10BECB6DE}"
EndProject
Project("{FAE04EC0-301F-11D3-BF4B-00C04F79EFBC}") = "Domain", "Domain\Domain.csproj", "{22EDF183-F0F6-4DB4-8DAE-9FAA7EE53CA8}"
EndProject
Project("{FAE04EC0-301F-11D3-BF4B-00C04F79EFBC}") = "infrastructure", "infrastructure\infrastructure.csproj", "{5E595C1D-96F0-4735-8C41-672B38B7CC6E}"
EndProject
Global
	GlobalSection(SolutionConfigurationPlatforms) = preSolution
		Debug|Any CPU = Debug|Any CPU
		Release|Any CPU = Release|Any CPU
	EndGlobalSection
	GlobalSection(ProjectConfigurationPlatforms) = postSolution
		{92143892-711C-4258-8371-79B10BECB6DE}.Debug|Any CPU.ActiveCfg = Debug|Any CPU
		{92143892-711C-4258-8371-79B10BECB6DE}.Debug|Any CPU.Build.0 = Debug|Any CPU
		{92143892-711C-4258-8371-79B10BECB6DE}.Release|Any CPU.ActiveCfg = Release|Any CPU
		{92143892-711C-4258-8371-79B10BECB6DE}.Release|Any CPU.Build.0 = Release|Any CPU
		{22EDF183-F0F6-4DB4-8DAE-9FAA7EE53CA8}.Debug|Any CPU.ActiveCfg = Debug|Any CPU
		{22EDF183-F0F6-4DB4-8DAE-9FAA7EE53CA8}.Debug|Any CPU.Build.0 = Debug|Any CPU
		{22EDF183-F0F6-4DB4-8DAE-9FAA7EE53CA8}.Release|Any CPU.ActiveCfg = Release|Any CPU
		{22EDF183-F0F6-4DB4-8DAE-9FAA7EE53CA8}.Release|Any CPU.Build.0 = Release|Any CPU
		{5E595C1D-96F0-4735-8C41-672B38B7CC6E}.Debug|Any CPU.ActiveCfg = Debug|Any CPU
		{5E595C1D-96F0-4735-8C41-672B38B7CC6E}.Debug|Any CPU.Build.0 = Debug|Any CPU
		{5E595C1D-96F0-4735-8C41-672B38B7CC6E}.Release|Any CPU.ActiveCfg = Release|Any CPU
		{5E595C1D-96F0-4735-8C41-672B38B7CC6E}.Release|Any CPU.Build.0 = Release|Any CPU
	EndGlobalSection
	GlobalSection(SolutionProperties) = preSolution
		HideSolutionNode = FALSE
	EndGlobalSection
	GlobalSection(ExtensibilityGlobals) = postSolution
		SolutionGuid = {F50E612C-B201-4E21-B3F9-5C1CE96D0B20}
	EndGlobalSection
EndGlobal
